
Microsoft Visual Studio Solution File, Format Version 12.00
Project("{2150E333-8FDC-42A3-9474-1A3956D46DE8}") = "0 - Domain", "0 - Domain", "{8DC62883-5BB2-414D-A4E6-5243F20A241B}"
EndProject
Project("{2150E333-8FDC-42A3-9474-1A3956D46DE8}") = "1 - Tests", "1 - Tests", "{F56A0D20-EAAD-499E-9121-F3CBA3177A34}"
EndProject
Project("{2150E333-8FDC-42A3-9474-1A3956D46DE8}") = "2 - Infra", "2 - Infra", "{C8115A52-24BC-4489-A2E0-4C048C5237BA}"
EndProject
Project("{2150E333-8FDC-42A3-9474-1A3956D46DE8}") = "3 - Application", "3 - Application", "{BDB033EA-63A9-422B-969D-160A0518D8D4}"
EndProject
Project("{2150E333-8FDC-42A3-9474-1A3956D46DE8}") = "5 - Presentation", "5 - Presentation", "{88F678CC-89DC-4234-8457-80C12A818F41}"
EndProject
Project("{2150E333-8FDC-42A3-9474-1A3956D46DE8}") = "4 - API", "4 - API", "{BDE30163-BA80-4377-A045-4BF8E0EC3058}"
EndProject
Project("{FAE04EC0-301F-11D3-BF4B-00C04F79EFBC}") = "Switch.Domain", "Switch.Domain\Switch.Domain.csproj", "{7A0B9E07-029B-434C-A06E-98388DBC9CFB}"
EndProject
Project("{FAE04EC0-301F-11D3-BF4B-00C04F79EFBC}") = "Switch.Domain.Tests", "Switch.Domain.Tests\Switch.Domain.Tests.csproj", "{0E34DDB8-20CE-42E5-A944-B4BAFA520E6E}"
EndProject
Project("{2150E333-8FDC-42A3-9474-1A3956D46DE8}") = "2.1 - CrossCutting", "2.1 - CrossCutting", "{4D961A91-E27B-48F1-8AC9-8400982E89DF}"
EndProject
Project("{2150E333-8FDC-42A3-9474-1A3956D46DE8}") = "2.2 - Data", "2.2 - Data", "{F61255B7-781F-455D-9A7C-FB5D56B0D679}"
EndProject
Project("{FAE04EC0-301F-11D3-BF4B-00C04F79EFBC}") = "Switch.Infra.Data", "Switch.Infra.Data\Switch.Infra.Data.csproj", "{5E050B8A-415D-4E61-8E5B-D697E3227515}"
EndProject
Project("{FAE04EC0-301F-11D3-BF4B-00C04F79EFBC}") = "Switch.Application", "Switch.Application\Switch.Application.csproj", "{3A972937-C472-4EB7-85D6-AC151A8ABB24}"
EndProject
Project("{FAE04EC0-301F-11D3-BF4B-00C04F79EFBC}") = "Switch.API", "Switch.API\Switch.API.csproj", "{62A7A45A-ABB9-40E6-8A94-E90C8D56469D}"
EndProject
Project("{FAE04EC0-301F-11D3-BF4B-00C04F79EFBC}") = "SwitchApp", "SwitchApp\SwitchApp.csproj", "{0424C364-9476-4FE9-85A4-EC3CA8F6B180}"
EndProject
Project("{FAE04EC0-301F-11D3-BF4B-00C04F79EFBC}") = "Switch.CrossCutting.Logging", "Switch.CrossCutting.Logging\Switch.CrossCutting.Logging.csproj", "{B88E4BF0-396E-47FE-B4E6-DBFC4FD4D88D}"
EndProject
Global
	GlobalSection(SolutionConfigurationPlatforms) = preSolution
		Debug|Any CPU = Debug|Any CPU
		Release|Any CPU = Release|Any CPU
	EndGlobalSection
	GlobalSection(NestedProjects) = preSolution
		{7A0B9E07-029B-434C-A06E-98388DBC9CFB} = {8DC62883-5BB2-414D-A4E6-5243F20A241B}
		{0E34DDB8-20CE-42E5-A944-B4BAFA520E6E} = {F56A0D20-EAAD-499E-9121-F3CBA3177A34}
		{4D961A91-E27B-48F1-8AC9-8400982E89DF} = {C8115A52-24BC-4489-A2E0-4C048C5237BA}
		{F61255B7-781F-455D-9A7C-FB5D56B0D679} = {C8115A52-24BC-4489-A2E0-4C048C5237BA}
		{5E050B8A-415D-4E61-8E5B-D697E3227515} = {F61255B7-781F-455D-9A7C-FB5D56B0D679}
		{3A972937-C472-4EB7-85D6-AC151A8ABB24} = {BDB033EA-63A9-422B-969D-160A0518D8D4}
		{62A7A45A-ABB9-40E6-8A94-E90C8D56469D} = {BDE30163-BA80-4377-A045-4BF8E0EC3058}
		{0424C364-9476-4FE9-85A4-EC3CA8F6B180} = {88F678CC-89DC-4234-8457-80C12A818F41}
		{B88E4BF0-396E-47FE-B4E6-DBFC4FD4D88D} = {4D961A91-E27B-48F1-8AC9-8400982E89DF}
	EndGlobalSection
	GlobalSection(ProjectConfigurationPlatforms) = postSolution
		{7A0B9E07-029B-434C-A06E-98388DBC9CFB}.Debug|Any CPU.ActiveCfg = Debug|Any CPU
		{7A0B9E07-029B-434C-A06E-98388DBC9CFB}.Debug|Any CPU.Build.0 = Debug|Any CPU
		{7A0B9E07-029B-434C-A06E-98388DBC9CFB}.Release|Any CPU.ActiveCfg = Release|Any CPU
		{7A0B9E07-029B-434C-A06E-98388DBC9CFB}.Release|Any CPU.Build.0 = Release|Any CPU
		{0E34DDB8-20CE-42E5-A944-B4BAFA520E6E}.Debug|Any CPU.ActiveCfg = Debug|Any CPU
		{0E34DDB8-20CE-42E5-A944-B4BAFA520E6E}.Debug|Any CPU.Build.0 = Debug|Any CPU
		{0E34DDB8-20CE-42E5-A944-B4BAFA520E6E}.Release|Any CPU.ActiveCfg = Release|Any CPU
		{0E34DDB8-20CE-42E5-A944-B4BAFA520E6E}.Release|Any CPU.Build.0 = Release|Any CPU
		{5E050B8A-415D-4E61-8E5B-D697E3227515}.Debug|Any CPU.ActiveCfg = Debug|Any CPU
		{5E050B8A-415D-4E61-8E5B-D697E3227515}.Debug|Any CPU.Build.0 = Debug|Any CPU
		{5E050B8A-415D-4E61-8E5B-D697E3227515}.Release|Any CPU.ActiveCfg = Release|Any CPU
		{5E050B8A-415D-4E61-8E5B-D697E3227515}.Release|Any CPU.Build.0 = Release|Any CPU
		{3A972937-C472-4EB7-85D6-AC151A8ABB24}.Debug|Any CPU.ActiveCfg = Debug|Any CPU
		{3A972937-C472-4EB7-85D6-AC151A8ABB24}.Debug|Any CPU.Build.0 = Debug|Any CPU
		{3A972937-C472-4EB7-85D6-AC151A8ABB24}.Release|Any CPU.ActiveCfg = Release|Any CPU
		{3A972937-C472-4EB7-85D6-AC151A8ABB24}.Release|Any CPU.Build.0 = Release|Any CPU
		{62A7A45A-ABB9-40E6-8A94-E90C8D56469D}.Debug|Any CPU.ActiveCfg = Debug|Any CPU
		{62A7A45A-ABB9-40E6-8A94-E90C8D56469D}.Debug|Any CPU.Build.0 = Debug|Any CPU
		{62A7A45A-ABB9-40E6-8A94-E90C8D56469D}.Release|Any CPU.ActiveCfg = Release|Any CPU
		{62A7A45A-ABB9-40E6-8A94-E90C8D56469D}.Release|Any CPU.Build.0 = Release|Any CPU
		{0424C364-9476-4FE9-85A4-EC3CA8F6B180}.Debug|Any CPU.ActiveCfg = Debug|Any CPU
		{0424C364-9476-4FE9-85A4-EC3CA8F6B180}.Debug|Any CPU.Build.0 = Debug|Any CPU
		{0424C364-9476-4FE9-85A4-EC3CA8F6B180}.Release|Any CPU.ActiveCfg = Release|Any CPU
		{0424C364-9476-4FE9-85A4-EC3CA8F6B180}.Release|Any CPU.Build.0 = Release|Any CPU
		{B88E4BF0-396E-47FE-B4E6-DBFC4FD4D88D}.Debug|Any CPU.ActiveCfg = Debug|Any CPU
		{B88E4BF0-396E-47FE-B4E6-DBFC4FD4D88D}.Debug|Any CPU.Build.0 = Debug|Any CPU
		{B88E4BF0-396E-47FE-B4E6-DBFC4FD4D88D}.Release|Any CPU.ActiveCfg = Release|Any CPU
		{B88E4BF0-396E-47FE-B4E6-DBFC4FD4D88D}.Release|Any CPU.Build.0 = Release|Any CPU
	EndGlobalSection
EndGlobal
